
Microsoft Visual Studio Solution File, Format Version 12.00
# Visual Studio Version 17
VisualStudioVersion = 17.14.36414.22
MinimumVisualStudioVersion = 10.0.40219.1
Project("{FAE04EC0-301F-11D3-BF4B-00C04F79EFBC}") = "HRManagement.Domain", "HRManagement.Domain\HRManagement.Domain.csproj", "{7AAD287E-72F9-40B4-BB55-5F557327570F}"
EndProject
Project("{FAE04EC0-301F-11D3-BF4B-00C04F79EFBC}") = "HRManagement.Application", "HRManagement.Application\HRManagement.Application.csproj", "{C4725354-D2E9-47D7-A636-2D940CDC5467}"
EndProject
Project("{FAE04EC0-301F-11D3-BF4B-00C04F79EFBC}") = "HRManagement.Infrastructure", "HRManagement.Infrastructure\HRManagement.Infrastructure.csproj", "{F152BECC-72E9-4992-AA74-B993190E857F}"
EndProject
Project("{FAE04EC0-301F-11D3-BF4B-00C04F79EFBC}") = "HRManagement.API", "HRManagement.API\HRManagement.API.csproj", "{0C6D4ECC-1BA1-41DC-997B-F8A380090891}"
EndProject
Project("{FAE04EC0-301F-11D3-BF4B-00C04F79EFBC}") = "HRManagement.Web", "HRManagement.Web\HRManagement.Web.csproj", "{CF077742-F97C-407C-846E-1CC5B3C475A2}"
EndProject
Global
	GlobalSection(SolutionConfigurationPlatforms) = preSolution
		Debug|Any CPU = Debug|Any CPU
		Release|Any CPU = Release|Any CPU
	EndGlobalSection
	GlobalSection(ProjectConfigurationPlatforms) = postSolution
		{7AAD287E-72F9-40B4-BB55-5F557327570F}.Debug|Any CPU.ActiveCfg = Debug|Any CPU
		{7AAD287E-72F9-40B4-BB55-5F557327570F}.Debug|Any CPU.Build.0 = Debug|Any CPU
		{7AAD287E-72F9-40B4-BB55-5F557327570F}.Release|Any CPU.ActiveCfg = Release|Any CPU
		{7AAD287E-72F9-40B4-BB55-5F557327570F}.Release|Any CPU.Build.0 = Release|Any CPU
		{C4725354-D2E9-47D7-A636-2D940CDC5467}.Debug|Any CPU.ActiveCfg = Debug|Any CPU
		{C4725354-D2E9-47D7-A636-2D940CDC5467}.Debug|Any CPU.Build.0 = Debug|Any CPU
		{C4725354-D2E9-47D7-A636-2D940CDC5467}.Release|Any CPU.ActiveCfg = Release|Any CPU
		{C4725354-D2E9-47D7-A636-2D940CDC5467}.Release|Any CPU.Build.0 = Release|Any CPU
		{F152BECC-72E9-4992-AA74-B993190E857F}.Debug|Any CPU.ActiveCfg = Debug|Any CPU
		{F152BECC-72E9-4992-AA74-B993190E857F}.Debug|Any CPU.Build.0 = Debug|Any CPU
		{F152BECC-72E9-4992-AA74-B993190E857F}.Release|Any CPU.ActiveCfg = Release|Any CPU
		{F152BECC-72E9-4992-AA74-B993190E857F}.Release|Any CPU.Build.0 = Release|Any CPU
		{0C6D4ECC-1BA1-41DC-997B-F8A380090891}.Debug|Any CPU.ActiveCfg = Debug|Any CPU
		{0C6D4ECC-1BA1-41DC-997B-F8A380090891}.Debug|Any CPU.Build.0 = Debug|Any CPU
		{0C6D4ECC-1BA1-41DC-997B-F8A380090891}.Release|Any CPU.ActiveCfg = Release|Any CPU
		{0C6D4ECC-1BA1-41DC-997B-F8A380090891}.Release|Any CPU.Build.0 = Release|Any CPU
		{CF077742-F97C-407C-846E-1CC5B3C475A2}.Debug|Any CPU.ActiveCfg = Debug|Any CPU
		{CF077742-F97C-407C-846E-1CC5B3C475A2}.Debug|Any CPU.Build.0 = Debug|Any CPU
		{CF077742-F97C-407C-846E-1CC5B3C475A2}.Release|Any CPU.ActiveCfg = Release|Any CPU
		{CF077742-F97C-407C-846E-1CC5B3C475A2}.Release|Any CPU.Build.0 = Release|Any CPU
	EndGlobalSection
	GlobalSection(SolutionProperties) = preSolution
		HideSolutionNode = FALSE
	EndGlobalSection
	GlobalSection(ExtensibilityGlobals) = postSolution
		SolutionGuid = {469B1F08-2BCB-4627-A97C-D74893E8938B}
	EndGlobalSection
EndGlobal
